
Microsoft Visual Studio Solution File, Format Version 12.00
# Visual Studio Version 16
VisualStudioVersion = 16.0.32929.386
MinimumVisualStudioVersion = 10.0.40219.1
Project("{FAE04EC0-301F-11D3-BF4B-00C04F79EFBC}") = "DependencyInjection", "DependencyInjection.csproj", "{E002545A-31EE-43DE-8B22-2EB460D89F8A}"
EndProject
Global
	GlobalSection(SolutionConfigurationPlatforms) = preSolution
		Debug|Any CPU = Debug|Any CPU
		Release|Any CPU = Release|Any CPU
	EndGlobalSection
	GlobalSection(ProjectConfigurationPlatforms) = postSolution
		{E002545A-31EE-43DE-8B22-2EB460D89F8A}.Debug|Any CPU.ActiveCfg = Debug|Any CPU
		{E002545A-31EE-43DE-8B22-2EB460D89F8A}.Debug|Any CPU.Build.0 = Debug|Any CPU
		{E002545A-31EE-43DE-8B22-2EB460D89F8A}.Release|Any CPU.ActiveCfg = Release|Any CPU
		{E002545A-31EE-43DE-8B22-2EB460D89F8A}.Release|Any CPU.Build.0 = Release|Any CPU
	EndGlobalSection
	GlobalSection(SolutionProperties) = preSolution
		HideSolutionNode = FALSE
	EndGlobalSection
	GlobalSection(ExtensibilityGlobals) = postSolution
		SolutionGuid = {3AB65B40-DEE1-45DF-885D-1DF0ED2D60CA}
	EndGlobalSection
EndGlobal
